// !$*UTF8*$!
{
	archiveVersion = 1;
	classes = {
	};
	objectVersion = 46;
	objects = {

/* Begin PBXBuildFile section */
		1B453CC42E23B6B306900E6F /* libPods.a in Frameworks */ = {isa = PBXBuildFile; fileRef = F175FA0D3481DCBCD4458D0F /* libPods.a */; };
		D90769011C33E308005EBBDB /* SKRequestTests.m in Sources */ = {isa = PBXBuildFile; fileRef = D90769001C33E308005EBBDB /* SKRequestTests.m */; };
		D923A6C31C09177700EC5559 /* SKDownload.m in Sources */ = {isa = PBXBuildFile; fileRef = D923A6BE1C09177700EC5559 /* SKDownload.m */; };
		D923A6C41C09177700EC5559 /* SKPayment.m in Sources */ = {isa = PBXBuildFile; fileRef = D923A6BF1C09177700EC5559 /* SKPayment.m */; };
		D923A6C51C09177700EC5559 /* SKPaymentQueue.m in Sources */ = {isa = PBXBuildFile; fileRef = D923A6C01C09177700EC5559 /* SKPaymentQueue.m */; };
		D923A6C61C09177700EC5559 /* SKRequest.m in Sources */ = {isa = PBXBuildFile; fileRef = D923A6C11C09177700EC5559 /* SKRequest.m */; };
		D923A6C71C09177700EC5559 /* SKStoreProductViewController.m in Sources */ = {isa = PBXBuildFile; fileRef = D923A6C21C09177700EC5559 /* SKStoreProductViewController.m */; };
		D9810E231C0A8BDE0019C82D /* SKProductsResponse.m in Sources */ = {isa = PBXBuildFile; fileRef = D9810E221C0A8BDE0019C82D /* SKProductsResponse.m */; };
		D9901E0A1C292AA6001609FB /* SKPaymentQueueTests.m in Sources */ = {isa = PBXBuildFile; fileRef = D9901E091C292AA6001609FB /* SKPaymentQueueTests.m */; };
		D9901E0C1C292C09001609FB /* TestTransactionObserver.m in Sources */ = {isa = PBXBuildFile; fileRef = D9901E0B1C292C09001609FB /* TestTransactionObserver.m */; };
		D9D753971C212C7300C40E06 /* StoreKitTests.m in Sources */ = {isa = PBXBuildFile; fileRef = D9D753961C212C7300C40E06 /* StoreKitTests.m */; };
		D9D753991C212C7300C40E06 /* StoreKit.framework in Frameworks */ = {isa = PBXBuildFile; fileRef = D96B1F611C09166B005704D7 /* StoreKit.framework */; };
		D9EF2D691C0AB14000179F0C /* SKBase.h in Headers */ = {isa = PBXBuildFile; fileRef = D9EF2D551C0AB10400179F0C /* SKBase.h */; settings = {ATTRIBUTES = (Public, ); }; };
		D9EF2D6A1C0AB14000179F0C /* SKDownload.h in Headers */ = {isa = PBXBuildFile; fileRef = D9EF2D561C0AB10400179F0C /* SKDownload.h */; settings = {ATTRIBUTES = (Public, ); }; };
		D9EF2D6B1C0AB14000179F0C /* SKPayment.h in Headers */ = {isa = PBXBuildFile; fileRef = D9EF2D571C0AB10400179F0C /* SKPayment.h */; settings = {ATTRIBUTES = (Public, ); }; };
		D9EF2D6C1C0AB14000179F0C /* SKPaymentQueue.h in Headers */ = {isa = PBXBuildFile; fileRef = D9EF2D581C0AB10400179F0C /* SKPaymentQueue.h */; settings = {ATTRIBUTES = (Public, ); }; };
		D9EF2D6D1C0AB14000179F0C /* SKPaymentTransaction.h in Headers */ = {isa = PBXBuildFile; fileRef = D9EF2D591C0AB10400179F0C /* SKPaymentTransaction.h */; settings = {ATTRIBUTES = (Public, ); }; };
		D9EF2D6E1C0AB14000179F0C /* SKProduct.h in Headers */ = {isa = PBXBuildFile; fileRef = D9EF2D5A1C0AB10400179F0C /* SKProduct.h */; settings = {ATTRIBUTES = (Public, ); }; };
		D9EF2D6F1C0AB14000179F0C /* SKProductsResponse.h in Headers */ = {isa = PBXBuildFile; fileRef = D9EF2D5B1C0AB10400179F0C /* SKProductsResponse.h */; settings = {ATTRIBUTES = (Public, ); }; };
		D9EF2D701C0AB14000179F0C /* SKRequest.h in Headers */ = {isa = PBXBuildFile; fileRef = D9EF2D5C1C0AB10400179F0C /* SKRequest.h */; settings = {ATTRIBUTES = (Public, ); }; };
		D9EF2D711C0AB14000179F0C /* SKStoreProductViewController.h in Headers */ = {isa = PBXBuildFile; fileRef = D9EF2D5D1C0AB10400179F0C /* SKStoreProductViewController.h */; settings = {ATTRIBUTES = (Public, ); }; };
		D9EF2D721C0AB14000179F0C /* StoreKit.h in Headers */ = {isa = PBXBuildFile; fileRef = D9EF2D5E1C0AB10400179F0C /* StoreKit.h */; settings = {ATTRIBUTES = (Public, ); }; };
/* End PBXBuildFile section */

/* Begin PBXContainerItemProxy section */
		D9D7539A1C212C7300C40E06 /* PBXContainerItemProxy */ = {
			isa = PBXContainerItemProxy;
			containerPortal = D96B1F581C09166B005704D7 /* Project object */;
			proxyType = 1;
			remoteGlobalIDString = D96B1F601C09166B005704D7;
			remoteInfo = StoreKit;
		};
/* End PBXContainerItemProxy section */

/* Begin PBXCopyFilesBuildPhase section */
		D9EF2D2E1C0AAD6A00179F0C /* Copy Files */ = {
			isa = PBXCopyFilesBuildPhase;
			buildActionMask = 2147483647;
			dstPath = "";
			dstSubfolderSpec = 10;
			files = (
			);
			name = "Copy Files";
			runOnlyForDeploymentPostprocessing = 0;
		};
/* End PBXCopyFilesBuildPhase section */

/* Begin PBXFileReference section */
		21EBFE8BF7270370C4D7A159 /* Pods.release.xcconfig */ = {isa = PBXFileReference; includeInIndex = 1; lastKnownFileType = text.xcconfig; name = Pods.release.xcconfig; path = "Pods/Target Support Files/Pods/Pods.release.xcconfig"; sourceTree = "<group>"; };
		CCE670F467FC28840CF415F2 /* Pods.debug.xcconfig */ = {isa = PBXFileReference; includeInIndex = 1; lastKnownFileType = text.xcconfig; name = Pods.debug.xcconfig; path = "Pods/Target Support Files/Pods/Pods.debug.xcconfig"; sourceTree = "<group>"; };
		D90769001C33E308005EBBDB /* SKRequestTests.m */ = {isa = PBXFileReference; fileEncoding = 4; lastKnownFileType = sourcecode.c.objc; path = SKRequestTests.m; sourceTree = "<group>"; };
		D923A6BE1C09177700EC5559 /* SKDownload.m */ = {isa = PBXFileReference; fileEncoding = 4; lastKnownFileType = sourcecode.c.objc; path = SKDownload.m; sourceTree = "<group>"; };
		D923A6BF1C09177700EC5559 /* SKPayment.m */ = {isa = PBXFileReference; fileEncoding = 4; lastKnownFileType = sourcecode.c.objc; path = SKPayment.m; sourceTree = "<group>"; };
		D923A6C01C09177700EC5559 /* SKPaymentQueue.m */ = {isa = PBXFileReference; fileEncoding = 4; lastKnownFileType = sourcecode.c.objc; path = SKPaymentQueue.m; sourceTree = "<group>"; };
		D923A6C11C09177700EC5559 /* SKRequest.m */ = {isa = PBXFileReference; fileEncoding = 4; lastKnownFileType = sourcecode.c.objc; path = SKRequest.m; sourceTree = "<group>"; };
		D923A6C21C09177700EC5559 /* SKStoreProductViewController.m */ = {isa = PBXFileReference; fileEncoding = 4; lastKnownFileType = sourcecode.c.objc; path = SKStoreProductViewController.m; sourceTree = "<group>"; };
		D96B1F611C09166B005704D7 /* StoreKit.framework */ = {isa = PBXFileReference; explicitFileType = wrapper.framework; includeInIndex = 0; path = StoreKit.framework; sourceTree = BUILT_PRODUCTS_DIR; };
		D9810E221C0A8BDE0019C82D /* SKProductsResponse.m */ = {isa = PBXFileReference; fileEncoding = 4; lastKnownFileType = sourcecode.c.objc; path = SKProductsResponse.m; sourceTree = "<group>"; };
		D9901E091C292AA6001609FB /* SKPaymentQueueTests.m */ = {isa = PBXFileReference; fileEncoding = 4; lastKnownFileType = sourcecode.c.objc; path = SKPaymentQueueTests.m; sourceTree = "<group>"; };
		D9901E0B1C292C09001609FB /* TestTransactionObserver.m */ = {isa = PBXFileReference; fileEncoding = 4; lastKnownFileType = sourcecode.c.objc; path = TestTransactionObserver.m; sourceTree = "<group>"; };
		D9901E0D1C292D2D001609FB /* TestTransactionObserver.h */ = {isa = PBXFileReference; lastKnownFileType = sourcecode.c.h; path = TestTransactionObserver.h; sourceTree = "<group>"; };
		D9D753941C212C7300C40E06 /* StoreKitTests.xctest */ = {isa = PBXFileReference; explicitFileType = wrapper.cfbundle; includeInIndex = 0; path = StoreKitTests.xctest; sourceTree = BUILT_PRODUCTS_DIR; };
		D9D753961C212C7300C40E06 /* StoreKitTests.m */ = {isa = PBXFileReference; lastKnownFileType = sourcecode.c.objc; path = StoreKitTests.m; sourceTree = "<group>"; };
		D9D753981C212C7300C40E06 /* Info.plist */ = {isa = PBXFileReference; lastKnownFileType = text.plist.xml; path = Info.plist; sourceTree = "<group>"; };
		D9EF2D551C0AB10400179F0C /* SKBase.h */ = {isa = PBXFileReference; fileEncoding = 4; lastKnownFileType = sourcecode.c.h; name = SKBase.h; path = StoreKit/SKBase.h; sourceTree = "<group>"; };
		D9EF2D561C0AB10400179F0C /* SKDownload.h */ = {isa = PBXFileReference; fileEncoding = 4; lastKnownFileType = sourcecode.c.h; name = SKDownload.h; path = StoreKit/SKDownload.h; sourceTree = "<group>"; };
		D9EF2D571C0AB10400179F0C /* SKPayment.h */ = {isa = PBXFileReference; fileEncoding = 4; lastKnownFileType = sourcecode.c.h; name = SKPayment.h; path = StoreKit/SKPayment.h; sourceTree = "<group>"; };
		D9EF2D581C0AB10400179F0C /* SKPaymentQueue.h */ = {isa = PBXFileReference; fileEncoding = 4; lastKnownFileType = sourcecode.c.h; name = SKPaymentQueue.h; path = StoreKit/SKPaymentQueue.h; sourceTree = "<group>"; };
		D9EF2D591C0AB10400179F0C /* SKPaymentTransaction.h */ = {isa = PBXFileReference; fileEncoding = 4; lastKnownFileType = sourcecode.c.h; name = SKPaymentTransaction.h; path = StoreKit/SKPaymentTransaction.h; sourceTree = "<group>"; };
		D9EF2D5A1C0AB10400179F0C /* SKProduct.h */ = {isa = PBXFileReference; fileEncoding = 4; lastKnownFileType = sourcecode.c.h; name = SKProduct.h; path = StoreKit/SKProduct.h; sourceTree = "<group>"; };
		D9EF2D5B1C0AB10400179F0C /* SKProductsResponse.h */ = {isa = PBXFileReference; fileEncoding = 4; lastKnownFileType = sourcecode.c.h; name = SKProductsResponse.h; path = StoreKit/SKProductsResponse.h; sourceTree = "<group>"; };
		D9EF2D5C1C0AB10400179F0C /* SKRequest.h */ = {isa = PBXFileReference; fileEncoding = 4; lastKnownFileType = sourcecode.c.h; name = SKRequest.h; path = StoreKit/SKRequest.h; sourceTree = "<group>"; };
		D9EF2D5D1C0AB10400179F0C /* SKStoreProductViewController.h */ = {isa = PBXFileReference; fileEncoding = 4; lastKnownFileType = sourcecode.c.h; name = SKStoreProductViewController.h; path = StoreKit/SKStoreProductViewController.h; sourceTree = "<group>"; };
		D9EF2D5E1C0AB10400179F0C /* StoreKit.h */ = {isa = PBXFileReference; fileEncoding = 4; lastKnownFileType = sourcecode.c.h; name = StoreKit.h; path = StoreKit/StoreKit.h; sourceTree = "<group>"; };
		F175FA0D3481DCBCD4458D0F /* libPods.a */ = {isa = PBXFileReference; explicitFileType = archive.ar; includeInIndex = 0; path = libPods.a; sourceTree = BUILT_PRODUCTS_DIR; };
/* End PBXFileReference section */

/* Begin PBXFrameworksBuildPhase section */
		D96B1F5D1C09166B005704D7 /* Frameworks */ = {
			isa = PBXFrameworksBuildPhase;
			buildActionMask = 2147483647;
			files = (
				1B453CC42E23B6B306900E6F /* libPods.a in Frameworks */,
			);
			runOnlyForDeploymentPostprocessing = 0;
		};
		D9D753911C212C7300C40E06 /* Frameworks */ = {
			isa = PBXFrameworksBuildPhase;
			buildActionMask = 2147483647;
			files = (
				D9D753991C212C7300C40E06 /* StoreKit.framework in Frameworks */,
			);
			runOnlyForDeploymentPostprocessing = 0;
		};
/* End PBXFrameworksBuildPhase section */

/* Begin PBXGroup section */
		5F1D4611AC56ECBFDCADF251 /* Pods */ = {
			isa = PBXGroup;
			children = (
				CCE670F467FC28840CF415F2 /* Pods.debug.xcconfig */,
				21EBFE8BF7270370C4D7A159 /* Pods.release.xcconfig */,
			);
			name = Pods;
			sourceTree = "<group>";
		};
		901F9368F728BA071FBD120C /* Frameworks */ = {
			isa = PBXGroup;
			children = (
				F175FA0D3481DCBCD4458D0F /* libPods.a */,
			);
			name = Frameworks;
			sourceTree = "<group>";
		};
		D923A6BC1C09174500EC5559 /* Headers */ = {
			isa = PBXGroup;
			children = (
				D9EF2D551C0AB10400179F0C /* SKBase.h */,
				D9EF2D561C0AB10400179F0C /* SKDownload.h */,
				D9EF2D571C0AB10400179F0C /* SKPayment.h */,
				D9EF2D581C0AB10400179F0C /* SKPaymentQueue.h */,
				D9EF2D591C0AB10400179F0C /* SKPaymentTransaction.h */,
				D9EF2D5A1C0AB10400179F0C /* SKProduct.h */,
				D9EF2D5B1C0AB10400179F0C /* SKProductsResponse.h */,
				D9EF2D5C1C0AB10400179F0C /* SKRequest.h */,
				D9EF2D5D1C0AB10400179F0C /* SKStoreProductViewController.h */,
				D9EF2D5E1C0AB10400179F0C /* StoreKit.h */,
			);
			name = Headers;
			path = include;
			sourceTree = "<group>";
		};
		D923A6BD1C09175F00EC5559 /* Sources */ = {
			isa = PBXGroup;
			children = (
				D923A6BE1C09177700EC5559 /* SKDownload.m */,
				D923A6BF1C09177700EC5559 /* SKPayment.m */,
				D923A6C01C09177700EC5559 /* SKPaymentQueue.m */,
				D923A6C11C09177700EC5559 /* SKRequest.m */,
				D923A6C21C09177700EC5559 /* SKStoreProductViewController.m */,
				D9810E221C0A8BDE0019C82D /* SKProductsResponse.m */,
			);
			name = Sources;
			path = src;
			sourceTree = "<group>";
		};
		D96B1F571C09166B005704D7 = {
			isa = PBXGroup;
			children = (
				D923A6BD1C09175F00EC5559 /* Sources */,
				D923A6BC1C09174500EC5559 /* Headers */,
				D9D753951C212C7300C40E06 /* StoreKitTests */,
				D96B1F621C09166B005704D7 /* Products */,
				5F1D4611AC56ECBFDCADF251 /* Pods */,
				901F9368F728BA071FBD120C /* Frameworks */,
			);
			sourceTree = "<group>";
		};
		D96B1F621C09166B005704D7 /* Products */ = {
			isa = PBXGroup;
			children = (
				D96B1F611C09166B005704D7 /* StoreKit.framework */,
				D9D753941C212C7300C40E06 /* StoreKitTests.xctest */,
			);
			name = Products;
			sourceTree = "<group>";
		};
		D9D753951C212C7300C40E06 /* StoreKitTests */ = {
			isa = PBXGroup;
			children = (
				D9D753981C212C7300C40E06 /* Info.plist */,
				D9D753961C212C7300C40E06 /* StoreKitTests.m */,
				D90769001C33E308005EBBDB /* SKRequestTests.m */,
				D9901E091C292AA6001609FB /* SKPaymentQueueTests.m */,
				D9901E0B1C292C09001609FB /* TestTransactionObserver.m */,
				D9901E0D1C292D2D001609FB /* TestTransactionObserver.h */,
			);
			path = StoreKitTests;
			sourceTree = "<group>";
		};
/* End PBXGroup section */

/* Begin PBXHeadersBuildPhase section */
		D96B1F5E1C09166B005704D7 /* Headers */ = {
			isa = PBXHeadersBuildPhase;
			buildActionMask = 2147483647;
			files = (
				D9EF2D691C0AB14000179F0C /* SKBase.h in Headers */,
				D9EF2D6A1C0AB14000179F0C /* SKDownload.h in Headers */,
				D9EF2D6B1C0AB14000179F0C /* SKPayment.h in Headers */,
				D9EF2D6C1C0AB14000179F0C /* SKPaymentQueue.h in Headers */,
				D9EF2D6D1C0AB14000179F0C /* SKPaymentTransaction.h in Headers */,
				D9EF2D6E1C0AB14000179F0C /* SKProduct.h in Headers */,
				D9EF2D6F1C0AB14000179F0C /* SKProductsResponse.h in Headers */,
				D9EF2D701C0AB14000179F0C /* SKRequest.h in Headers */,
				D9EF2D711C0AB14000179F0C /* SKStoreProductViewController.h in Headers */,
				D9EF2D721C0AB14000179F0C /* StoreKit.h in Headers */,
			);
			runOnlyForDeploymentPostprocessing = 0;
		};
/* End PBXHeadersBuildPhase section */

/* Begin PBXNativeTarget section */
		D96B1F601C09166B005704D7 /* StoreKit */ = {
			isa = PBXNativeTarget;
			buildConfigurationList = D96B1F751C09166B005704D7 /* Build configuration list for PBXNativeTarget "StoreKit" */;
			buildPhases = (
				F4FCE69F7287CF981BDE3DA2 /* Check Pods Manifest.lock */,
				D96B1F5C1C09166B005704D7 /* Sources */,
				D96B1F5D1C09166B005704D7 /* Frameworks */,
				D96B1F5E1C09166B005704D7 /* Headers */,
				D96B1F5F1C09166B005704D7 /* Resources */,
				D9EF2D2E1C0AAD6A00179F0C /* Copy Files */,
				5B582202249BC3725CF865DC /* Copy Pods Resources */,
			);
			buildRules = (
			);
			dependencies = (
			);
			name = StoreKit;
			productName = StoreKit;
			productReference = D96B1F611C09166B005704D7 /* StoreKit.framework */;
			productType = "com.apple.product-type.framework";
		};
		D9D753931C212C7300C40E06 /* StoreKitTests */ = {
			isa = PBXNativeTarget;
			buildConfigurationList = D9D7539E1C212C7300C40E06 /* Build configuration list for PBXNativeTarget "StoreKitTests" */;
			buildPhases = (
				D9D753901C212C7300C40E06 /* Sources */,
				D9D753911C212C7300C40E06 /* Frameworks */,
				D9D753921C212C7300C40E06 /* Resources */,
			);
			buildRules = (
			);
			dependencies = (
				D9D7539B1C212C7300C40E06 /* PBXTargetDependency */,
			);
			name = StoreKitTests;
			productName = StoreKitTests;
			productReference = D9D753941C212C7300C40E06 /* StoreKitTests.xctest */;
			productType = "com.apple.product-type.bundle.unit-test";
		};
/* End PBXNativeTarget section */

/* Begin PBXProject section */
		D96B1F581C09166B005704D7 /* Project object */ = {
			isa = PBXProject;
			attributes = {
				LastUpgradeCheck = 0710;
				ORGANIZATIONNAME = "Tombo, inc.";
				TargetAttributes = {
					D96B1F601C09166B005704D7 = {
						CreatedOnToolsVersion = 7.1.1;
						DevelopmentTeam = GBD2Y4C45U;
					};
					D9D753931C212C7300C40E06 = {
						CreatedOnToolsVersion = 7.2;
					};
				};
			};
			buildConfigurationList = D96B1F5B1C09166B005704D7 /* Build configuration list for PBXProject "StoreKit" */;
			compatibilityVersion = "Xcode 3.2";
			developmentRegion = English;
			hasScannedForEncodings = 0;
			knownRegions = (
				en,
			);
			mainGroup = D96B1F571C09166B005704D7;
			productRefGroup = D96B1F621C09166B005704D7 /* Products */;
			projectDirPath = "";
			projectRoot = "";
			targets = (
				D96B1F601C09166B005704D7 /* StoreKit */,
				D9D753931C212C7300C40E06 /* StoreKitTests */,
			);
		};
/* End PBXProject section */

/* Begin PBXResourcesBuildPhase section */
		D96B1F5F1C09166B005704D7 /* Resources */ = {
			isa = PBXResourcesBuildPhase;
			buildActionMask = 2147483647;
			files = (
			);
			runOnlyForDeploymentPostprocessing = 0;
		};
		D9D753921C212C7300C40E06 /* Resources */ = {
			isa = PBXResourcesBuildPhase;
			buildActionMask = 2147483647;
			files = (
			);
			runOnlyForDeploymentPostprocessing = 0;
		};
/* End PBXResourcesBuildPhase section */

/* Begin PBXShellScriptBuildPhase section */
		5B582202249BC3725CF865DC /* Copy Pods Resources */ = {
			isa = PBXShellScriptBuildPhase;
			buildActionMask = 2147483647;
			files = (
			);
			inputPaths = (
			);
			name = "Copy Pods Resources";
			outputPaths = (
			);
			runOnlyForDeploymentPostprocessing = 0;
			shellPath = /bin/sh;
			shellScript = "\"${SRCROOT}/Pods/Target Support Files/Pods/Pods-resources.sh\"\n";
			showEnvVarsInLog = 0;
		};
		F4FCE69F7287CF981BDE3DA2 /* Check Pods Manifest.lock */ = {
			isa = PBXShellScriptBuildPhase;
			buildActionMask = 2147483647;
			files = (
			);
			inputPaths = (
			);
			name = "Check Pods Manifest.lock";
			outputPaths = (
			);
			runOnlyForDeploymentPostprocessing = 0;
			shellPath = /bin/sh;
			shellScript = "diff \"${PODS_ROOT}/../Podfile.lock\" \"${PODS_ROOT}/Manifest.lock\" > /dev/null\nif [[ $? != 0 ]] ; then\n    cat << EOM\nerror: The sandbox is not in sync with the Podfile.lock. Run 'pod install' or update your CocoaPods installation.\nEOM\n    exit 1\nfi\n";
			showEnvVarsInLog = 0;
		};
/* End PBXShellScriptBuildPhase section */

/* Begin PBXSourcesBuildPhase section */
		D96B1F5C1C09166B005704D7 /* Sources */ = {
			isa = PBXSourcesBuildPhase;
			buildActionMask = 2147483647;
			files = (
				D923A6C41C09177700EC5559 /* SKPayment.m in Sources */,
				D923A6C61C09177700EC5559 /* SKRequest.m in Sources */,
				D923A6C51C09177700EC5559 /* SKPaymentQueue.m in Sources */,
				D923A6C71C09177700EC5559 /* SKStoreProductViewController.m in Sources */,
				D923A6C31C09177700EC5559 /* SKDownload.m in Sources */,
				D9810E231C0A8BDE0019C82D /* SKProductsResponse.m in Sources */,
			);
			runOnlyForDeploymentPostprocessing = 0;
		};
		D9D753901C212C7300C40E06 /* Sources */ = {
			isa = PBXSourcesBuildPhase;
			buildActionMask = 2147483647;
			files = (
				D9901E0C1C292C09001609FB /* TestTransactionObserver.m in Sources */,
				D90769011C33E308005EBBDB /* SKRequestTests.m in Sources */,
				D9901E0A1C292AA6001609FB /* SKPaymentQueueTests.m in Sources */,
				D9D753971C212C7300C40E06 /* StoreKitTests.m in Sources */,
			);
			runOnlyForDeploymentPostprocessing = 0;
		};
/* End PBXSourcesBuildPhase section */

/* Begin PBXTargetDependency section */
		D9D7539B1C212C7300C40E06 /* PBXTargetDependency */ = {
			isa = PBXTargetDependency;
			target = D96B1F601C09166B005704D7 /* StoreKit */;
			targetProxy = D9D7539A1C212C7300C40E06 /* PBXContainerItemProxy */;
		};
/* End PBXTargetDependency section */

/* Begin XCBuildConfiguration section */
		D96B1F731C09166B005704D7 /* Debug */ = {
			isa = XCBuildConfiguration;
			buildSettings = {
				ALWAYS_SEARCH_USER_PATHS = NO;
				CLANG_CXX_LANGUAGE_STANDARD = "gnu++0x";
				CLANG_CXX_LIBRARY = "libc++";
				CLANG_ENABLE_MODULES = YES;
				CLANG_ENABLE_OBJC_ARC = YES;
				CLANG_WARN_BOOL_CONVERSION = YES;
				CLANG_WARN_CONSTANT_CONVERSION = YES;
				CLANG_WARN_DIRECT_OBJC_ISA_USAGE = YES_ERROR;
				CLANG_WARN_EMPTY_BODY = YES;
				CLANG_WARN_ENUM_CONVERSION = YES;
				CLANG_WARN_INT_CONVERSION = YES;
				CLANG_WARN_OBJC_ROOT_CLASS = YES_ERROR;
				CLANG_WARN_UNREACHABLE_CODE = YES;
				CLANG_WARN__DUPLICATE_METHOD_MATCH = YES;
				"CODE_SIGN_IDENTITY[sdk=iphoneos*]" = "iPhone Developer";
				COPY_PHASE_STRIP = NO;
				CURRENT_PROJECT_VERSION = 1;
				DEBUG_INFORMATION_FORMAT = dwarf;
				ENABLE_STRICT_OBJC_MSGSEND = YES;
				ENABLE_TESTABILITY = YES;
				GCC_C_LANGUAGE_STANDARD = gnu99;
				GCC_DYNAMIC_NO_PIC = NO;
				GCC_NO_COMMON_BLOCKS = YES;
				GCC_OPTIMIZATION_LEVEL = 0;
				GCC_PREPROCESSOR_DEFINITIONS = (
					"DEBUG=1",
					"$(inherited)",
				);
				GCC_WARN_64_TO_32_BIT_CONVERSION = YES;
				GCC_WARN_ABOUT_RETURN_TYPE = YES_ERROR;
				GCC_WARN_UNDECLARED_SELECTOR = YES;
				GCC_WARN_UNINITIALIZED_AUTOS = YES_AGGRESSIVE;
				GCC_WARN_UNUSED_FUNCTION = YES;
				GCC_WARN_UNUSED_VARIABLE = YES;
				INFOPLIST_EXPAND_BUILD_SETTINGS = YES;
				INFOPLIST_FILE = "";
				IPHONEOS_DEPLOYMENT_TARGET = 9.1;
				MTL_ENABLE_DEBUG_INFO = YES;
				ONLY_ACTIVE_ARCH = YES;
				SDKROOT = iphoneos;
				TARGETED_DEVICE_FAMILY = "1,2";
				VERSIONING_SYSTEM = "apple-generic";
				VERSION_INFO_PREFIX = "";
			};
			name = Debug;
		};
		D96B1F741C09166B005704D7 /* Release */ = {
			isa = XCBuildConfiguration;
			buildSettings = {
				ALWAYS_SEARCH_USER_PATHS = NO;
				CLANG_CXX_LANGUAGE_STANDARD = "gnu++0x";
				CLANG_CXX_LIBRARY = "libc++";
				CLANG_ENABLE_MODULES = YES;
				CLANG_ENABLE_OBJC_ARC = YES;
				CLANG_WARN_BOOL_CONVERSION = YES;
				CLANG_WARN_CONSTANT_CONVERSION = YES;
				CLANG_WARN_DIRECT_OBJC_ISA_USAGE = YES_ERROR;
				CLANG_WARN_EMPTY_BODY = YES;
				CLANG_WARN_ENUM_CONVERSION = YES;
				CLANG_WARN_INT_CONVERSION = YES;
				CLANG_WARN_OBJC_ROOT_CLASS = YES_ERROR;
				CLANG_WARN_UNREACHABLE_CODE = YES;
				CLANG_WARN__DUPLICATE_METHOD_MATCH = YES;
				"CODE_SIGN_IDENTITY[sdk=iphoneos*]" = "iPhone Developer";
				COPY_PHASE_STRIP = NO;
				CURRENT_PROJECT_VERSION = 1;
				DEBUG_INFORMATION_FORMAT = "dwarf-with-dsym";
				ENABLE_NS_ASSERTIONS = NO;
				ENABLE_STRICT_OBJC_MSGSEND = YES;
				GCC_C_LANGUAGE_STANDARD = gnu99;
				GCC_NO_COMMON_BLOCKS = YES;
				GCC_WARN_64_TO_32_BIT_CONVERSION = YES;
				GCC_WARN_ABOUT_RETURN_TYPE = YES_ERROR;
				GCC_WARN_UNDECLARED_SELECTOR = YES;
				GCC_WARN_UNINITIALIZED_AUTOS = YES_AGGRESSIVE;
				GCC_WARN_UNUSED_FUNCTION = YES;
				GCC_WARN_UNUSED_VARIABLE = YES;
				INFOPLIST_EXPAND_BUILD_SETTINGS = YES;
				INFOPLIST_FILE = "";
				IPHONEOS_DEPLOYMENT_TARGET = 9.1;
				MTL_ENABLE_DEBUG_INFO = NO;
				SDKROOT = iphoneos;
				TARGETED_DEVICE_FAMILY = "1,2";
				VALIDATE_PRODUCT = YES;
				VERSIONING_SYSTEM = "apple-generic";
				VERSION_INFO_PREFIX = "";
			};
			name = Release;
		};
		D96B1F761C09166B005704D7 /* Debug */ = {
			isa = XCBuildConfiguration;
			baseConfigurationReference = CCE670F467FC28840CF415F2 /* Pods.debug.xcconfig */;
			buildSettings = {
				CODE_SIGN_IDENTITY = "iPhone Developer";
				"CODE_SIGN_IDENTITY[sdk=iphoneos*]" = "iPhone Developer";
				DEFINES_MODULE = YES;
				DYLIB_COMPATIBILITY_VERSION = 1;
				DYLIB_CURRENT_VERSION = 1;
				DYLIB_INSTALL_NAME_BASE = "@rpath";
				FRAMEWORK_SEARCH_PATHS = "$(inherited)";
				INFOPLIST_FILE = "";
				INSTALL_PATH = "$(LOCAL_LIBRARY_DIR)/Frameworks";
				LD_RUNPATH_SEARCH_PATHS = "$(inherited) @executable_path/Frameworks @loader_path/Frameworks";
				LIBRARY_SEARCH_PATHS = "$(inherited)";
				PRODUCT_BUNDLE_IDENTIFIER = io.tombo.StoreKit;
				PRODUCT_NAME = "$(TARGET_NAME)";
				PROVISIONING_PROFILE = "";
				SKIP_INSTALL = YES;
			};
			name = Debug;
		};
		D96B1F771C09166B005704D7 /* Release */ = {
			isa = XCBuildConfiguration;
			baseConfigurationReference = 21EBFE8BF7270370C4D7A159 /* Pods.release.xcconfig */;
			buildSettings = {
				CODE_SIGN_IDENTITY = "iPhone Developer";
				"CODE_SIGN_IDENTITY[sdk=iphoneos*]" = "iPhone Developer";
				DEFINES_MODULE = YES;
				DYLIB_COMPATIBILITY_VERSION = 1;
				DYLIB_CURRENT_VERSION = 1;
				DYLIB_INSTALL_NAME_BASE = "@rpath";
				FRAMEWORK_SEARCH_PATHS = "$(inherited)";
				INFOPLIST_FILE = "";
				INSTALL_PATH = "$(LOCAL_LIBRARY_DIR)/Frameworks";
				LD_RUNPATH_SEARCH_PATHS = "$(inherited) @executable_path/Frameworks @loader_path/Frameworks";
				LIBRARY_SEARCH_PATHS = "$(inherited)";
				PRODUCT_BUNDLE_IDENTIFIER = io.tombo.StoreKit;
				PRODUCT_NAME = "$(TARGET_NAME)";
				PROVISIONING_PROFILE = "";
				SKIP_INSTALL = YES;
			};
			name = Release;
		};
		D9D7539C1C212C7300C40E06 /* Debug */ = {
			isa = XCBuildConfiguration;
			baseConfigurationReference = CCE670F467FC28840CF415F2 /* Pods.debug.xcconfig */;
			buildSettings = {
				BUNDLE_LOADER = "$(BUILT_PRODUCTS_DIR)/StoreKit.framework/StoreKit";
				INFOPLIST_FILE = StoreKitTests/Info.plist;
				IPHONEOS_DEPLOYMENT_TARGET = 9.2;
				LD_RUNPATH_SEARCH_PATHS = "$(inherited) @executable_path/Frameworks @loader_path/Frameworks";
				PRODUCT_BUNDLE_IDENTIFIER = io.tombo.StoreKitTests;
				PRODUCT_NAME = "$(TARGET_NAME)";
			};
			name = Debug;
		};
		D9D7539D1C212C7300C40E06 /* Release */ = {
			isa = XCBuildConfiguration;
			baseConfigurationReference = 21EBFE8BF7270370C4D7A159 /* Pods.release.xcconfig */;
			buildSettings = {
				BUNDLE_LOADER = "$(BUILT_PRODUCTS_DIR)/StoreKit.framework/StoreKit";
				INFOPLIST_FILE = StoreKitTests/Info.plist;
				IPHONEOS_DEPLOYMENT_TARGET = 9.2;
				LD_RUNPATH_SEARCH_PATHS = "$(inherited) @executable_path/Frameworks @loader_path/Frameworks";
				PRODUCT_BUNDLE_IDENTIFIER = io.tombo.StoreKitTests;
				PRODUCT_NAME = "$(TARGET_NAME)";
			};
			name = Release;
		};
/* End XCBuildConfiguration section */

/* Begin XCConfigurationList section */
		D96B1F5B1C09166B005704D7 /* Build configuration list for PBXProject "StoreKit" */ = {
			isa = XCConfigurationList;
			buildConfigurations = (
				D96B1F731C09166B005704D7 /* Debug */,
				D96B1F741C09166B005704D7 /* Release */,
			);
			defaultConfigurationIsVisible = 0;
			defaultConfigurationName = Release;
		};
		D96B1F751C09166B005704D7 /* Build configuration list for PBXNativeTarget "StoreKit" */ = {
			isa = XCConfigurationList;
			buildConfigurations = (
				D96B1F761C09166B005704D7 /* Debug */,
				D96B1F771C09166B005704D7 /* Release */,
			);
			defaultConfigurationIsVisible = 0;
			defaultConfigurationName = Release;
		};
		D9D7539E1C212C7300C40E06 /* Build configuration list for PBXNativeTarget "StoreKitTests" */ = {
			isa = XCConfigurationList;
			buildConfigurations = (
				D9D7539C1C212C7300C40E06 /* Debug */,
				D9D7539D1C212C7300C40E06 /* Release */,
			);
			defaultConfigurationIsVisible = 0;
			defaultConfigurationName = Release;
		};
/* End XCConfigurationList section */
	};
	rootObject = D96B1F581C09166B005704D7 /* Project object */;
}
